{
  "name": "dc-action-lab-54b0c-studio",
  "version": "1.0.0",
  "lockfileVersion": 1,
  "requires": true,
  "dependencies": {
    "@sanity/cli": {
      "version": "2.10.5",
      "resolved": "https://registry.npmjs.org/@sanity/cli/-/cli-2.10.5.tgz",
      "integrity": "sha512-H8dsb4WchmnUT0QtqLbhPIH7TrDhkbuCLSe449J45wdjisyv4NpFrU6QHh3LkUEY77WjoavoeqecSa3aK0PBbA=="
    }
  }
}
